
Microsoft Visual Studio Solution File, Format Version 12.00
# Visual Studio 15
VisualStudioVersion = 15.0.28010.2041
MinimumVisualStudioVersion = 10.0.40219.1
Project("{FAE04EC0-301F-11D3-BF4B-00C04F79EFBC}") = "OverlayShortcut", "OverlayShortcut\OverlayShortcut.csproj", "{70A49707-DE26-43AE-A705-A5083D1DF472}"
EndProject
Global
	GlobalSection(SolutionConfigurationPlatforms) = preSolution
		Debug|Any CPU = Debug|Any CPU
		Release|Any CPU = Release|Any CPU
	EndGlobalSection
	GlobalSection(ProjectConfigurationPlatforms) = postSolution
		{70A49707-DE26-43AE-A705-A5083D1DF472}.Debug|Any CPU.ActiveCfg = Debug|Any CPU
		{70A49707-DE26-43AE-A705-A5083D1DF472}.Debug|Any CPU.Build.0 = Debug|Any CPU
		{70A49707-DE26-43AE-A705-A5083D1DF472}.Release|Any CPU.ActiveCfg = Release|Any CPU
		{70A49707-DE26-43AE-A705-A5083D1DF472}.Release|Any CPU.Build.0 = Release|Any CPU
	EndGlobalSection
	GlobalSection(SolutionProperties) = preSolution
		HideSolutionNode = FALSE
	EndGlobalSection
	GlobalSection(ExtensibilityGlobals) = postSolution
		SolutionGuid = {3B3DC60E-ED61-4705-949D-55BDD2A4C29F}
	EndGlobalSection
EndGlobal
